
Microsoft Visual Studio Solution File, Format Version 12.00
# Visual Studio 15
VisualStudioVersion = 15.0.27520.0
MinimumVisualStudioVersion = 10.0.40219.1
Project("{9A19103F-16F7-4668-BE54-9A1E7A4F7556}") = "ToDos.Server", "ToDos\ToDos.Server\ToDos.Server.csproj", "{60CCCE54-E282-4F42-8A24-4C817C0879D1}"
EndProject
Project("{9A19103F-16F7-4668-BE54-9A1E7A4F7556}") = "ToDos.Client", "ToDos\ToDos.Client\ToDos.Client.csproj", "{8AC15E16-90AD-411F-AADA-3B4CE941197A}"
EndProject
Project("{9A19103F-16F7-4668-BE54-9A1E7A4F7556}") = "ToDos.Shared", "ToDos\ToDos.Shared\ToDos.Shared.csproj", "{E1AE2C62-390E-4D46-BF9A-AB3C35E752D1}"
EndProject
Project("{FAE04EC0-301F-11D3-BF4B-00C04F79EFBC}") = "Todos.Test", "Todos.Test\Todos.Test.csproj", "{D2176FB9-44FD-4E50-80E5-C7A236FBCFFD}"
EndProject
Global
	GlobalSection(SolutionConfigurationPlatforms) = preSolution
		Debug|Any CPU = Debug|Any CPU
		Release|Any CPU = Release|Any CPU
	EndGlobalSection
	GlobalSection(ProjectConfigurationPlatforms) = postSolution
		{60CCCE54-E282-4F42-8A24-4C817C0879D1}.Debug|Any CPU.ActiveCfg = Debug|Any CPU
		{60CCCE54-E282-4F42-8A24-4C817C0879D1}.Debug|Any CPU.Build.0 = Debug|Any CPU
		{60CCCE54-E282-4F42-8A24-4C817C0879D1}.Release|Any CPU.ActiveCfg = Release|Any CPU
		{60CCCE54-E282-4F42-8A24-4C817C0879D1}.Release|Any CPU.Build.0 = Release|Any CPU
		{8AC15E16-90AD-411F-AADA-3B4CE941197A}.Debug|Any CPU.ActiveCfg = Debug|Any CPU
		{8AC15E16-90AD-411F-AADA-3B4CE941197A}.Debug|Any CPU.Build.0 = Debug|Any CPU
		{8AC15E16-90AD-411F-AADA-3B4CE941197A}.Release|Any CPU.ActiveCfg = Release|Any CPU
		{8AC15E16-90AD-411F-AADA-3B4CE941197A}.Release|Any CPU.Build.0 = Release|Any CPU
		{E1AE2C62-390E-4D46-BF9A-AB3C35E752D1}.Debug|Any CPU.ActiveCfg = Debug|Any CPU
		{E1AE2C62-390E-4D46-BF9A-AB3C35E752D1}.Debug|Any CPU.Build.0 = Debug|Any CPU
		{E1AE2C62-390E-4D46-BF9A-AB3C35E752D1}.Release|Any CPU.ActiveCfg = Release|Any CPU
		{E1AE2C62-390E-4D46-BF9A-AB3C35E752D1}.Release|Any CPU.Build.0 = Release|Any CPU
		{D2176FB9-44FD-4E50-80E5-C7A236FBCFFD}.Debug|Any CPU.ActiveCfg = Debug|Any CPU
		{D2176FB9-44FD-4E50-80E5-C7A236FBCFFD}.Debug|Any CPU.Build.0 = Debug|Any CPU
		{D2176FB9-44FD-4E50-80E5-C7A236FBCFFD}.Release|Any CPU.ActiveCfg = Release|Any CPU
		{D2176FB9-44FD-4E50-80E5-C7A236FBCFFD}.Release|Any CPU.Build.0 = Release|Any CPU
	EndGlobalSection
	GlobalSection(SolutionProperties) = preSolution
		HideSolutionNode = FALSE
	EndGlobalSection
	GlobalSection(ExtensibilityGlobals) = postSolution
		SolutionGuid = {96398837-324D-4097-82ED-FBAD53B6E6A1}
	EndGlobalSection
EndGlobal
